// !$*UTF8*$!
{
	archiveVersion = 1;
	classes = {
	};
	objectVersion = 46;
	objects = {

/* Begin PBXBuildFile section */
		95995E4B19FEF91E000B4052 /* SearchViewController.m in Sources */ = {isa = PBXBuildFile; fileRef = 95995E4A19FEF91E000B4052 /* SearchViewController.m */; };
		95A5BE2D1A01855300B22192 /* SearchResultsTableViewController.m in Sources */ = {isa = PBXBuildFile; fileRef = 95A5BE2C1A01855300B22192 /* SearchResultsTableViewController.m */; };
		95A5BE301A019A2400B22192 /* FlightModel.m in Sources */ = {isa = PBXBuildFile; fileRef = 95A5BE2E1A019A2400B22192 /* FlightModel.m */; };
		95A5BF0019F8312F000A3F41 /* main.m in Sources */ = {isa = PBXBuildFile; fileRef = 95A5BEFF19F8312F000A3F41 /* main.m */; };
		95A5BF0319F8312F000A3F41 /* AppDelegate.m in Sources */ = {isa = PBXBuildFile; fileRef = 95A5BF0219F8312F000A3F41 /* AppDelegate.m */; };
		95A5BF0619F8312F000A3F41 /* FlightsViewController.m in Sources */ = {isa = PBXBuildFile; fileRef = 95A5BF0519F8312F000A3F41 /* FlightsViewController.m */; };
		95A5BF0C19F8312F000A3F41 /* Main.storyboard in Resources */ = {isa = PBXBuildFile; fileRef = 95A5BF0A19F8312F000A3F41 /* Main.storyboard */; };
		95A5BF0E19F8312F000A3F41 /* Images.xcassets in Resources */ = {isa = PBXBuildFile; fileRef = 95A5BF0D19F8312F000A3F41 /* Images.xcassets */; };
		95A5BF1119F8312F000A3F41 /* LaunchScreen.xib in Resources */ = {isa = PBXBuildFile; fileRef = 95A5BF0F19F8312F000A3F41 /* LaunchScreen.xib */; };
		95A5BF1D19F83130000A3F41 /* FlyWhizzTests.m in Sources */ = {isa = PBXBuildFile; fileRef = 95A5BF1C19F83130000A3F41 /* FlyWhizzTests.m */; };
		95DBF70519F84A440009D432 /* AirlinesViewController.m in Sources */ = {isa = PBXBuildFile; fileRef = 95DBF70419F84A440009D432 /* AirlinesViewController.m */; };
		95DBF70819F84A4D0009D432 /* ReviewsViewController.m in Sources */ = {isa = PBXBuildFile; fileRef = 95DBF70719F84A4D0009D432 /* ReviewsViewController.m */; };
		E1B3925A1A01B41E00055144 /* FlightDetailViewController.m in Sources */ = {isa = PBXBuildFile; fileRef = E1B392591A01B41E00055144 /* FlightDetailViewController.m */; };
		E1B3925D1A01E85900055144 /* Bolts.framework in Frameworks */ = {isa = PBXBuildFile; fileRef = E1B3925B1A01E85900055144 /* Bolts.framework */; };
		E1B3925E1A01E85900055144 /* Parse.framework in Frameworks */ = {isa = PBXBuildFile; fileRef = E1B3925C1A01E85900055144 /* Parse.framework */; };
		E1B392601A01F02C00055144 /* AudioToolbox.framework in Frameworks */ = {isa = PBXBuildFile; fileRef = E1B3925F1A01F02C00055144 /* AudioToolbox.framework */; };
		E1B392621A01F03200055144 /* CFNetwork.framework in Frameworks */ = {isa = PBXBuildFile; fileRef = E1B392611A01F03200055144 /* CFNetwork.framework */; };
		E1B392641A01F04000055144 /* CoreGraphics.framework in Frameworks */ = {isa = PBXBuildFile; fileRef = E1B392631A01F04000055144 /* CoreGraphics.framework */; };
		E1B392661A01F04600055144 /* CoreLocation.framework in Frameworks */ = {isa = PBXBuildFile; fileRef = E1B392651A01F04600055144 /* CoreLocation.framework */; };
		E1B392681A01F05100055144 /* libz.dylib in Frameworks */ = {isa = PBXBuildFile; fileRef = E1B392671A01F05100055144 /* libz.dylib */; };
		E1B3926A1A01F05D00055144 /* MobileCoreServices.framework in Frameworks */ = {isa = PBXBuildFile; fileRef = E1B392691A01F05D00055144 /* MobileCoreServices.framework */; };
		E1B3926C1A01F06600055144 /* QuartzCore.framework in Frameworks */ = {isa = PBXBuildFile; fileRef = E1B3926B1A01F06600055144 /* QuartzCore.framework */; };
		E1B3926E1A01F07100055144 /* Security.framework in Frameworks */ = {isa = PBXBuildFile; fileRef = E1B3926D1A01F07100055144 /* Security.framework */; };
		E1B392701A01F07700055144 /* StoreKit.framework in Frameworks */ = {isa = PBXBuildFile; fileRef = E1B3926F1A01F07700055144 /* StoreKit.framework */; };
		E1B392721A01F08600055144 /* SystemConfiguration.framework in Frameworks */ = {isa = PBXBuildFile; fileRef = E1B392711A01F08600055144 /* SystemConfiguration.framework */; };
		E1B392741A01F0C400055144 /* Twitter.framework in Frameworks */ = {isa = PBXBuildFile; fileRef = E1B392731A01F0C400055144 /* Twitter.framework */; };
		E1B392761A01F0C900055144 /* Accounts.framework in Frameworks */ = {isa = PBXBuildFile; fileRef = E1B392751A01F0C900055144 /* Accounts.framework */; };
		E1B392781A01F0D000055144 /* Social.framework in Frameworks */ = {isa = PBXBuildFile; fileRef = E1B392771A01F0D000055144 /* Social.framework */; };
		E1B3927C1A06DC2500055144 /* MBProgressHUD.m in Sources */ = {isa = PBXBuildFile; fileRef = E1B3927B1A06DC2500055144 /* MBProgressHUD.m */; };
		E1B3927F1A06E39600055144 /* AirportModel.m in Sources */ = {isa = PBXBuildFile; fileRef = E1B3927E1A06E39600055144 /* AirportModel.m */; };
		E1B392821A06ED3900055144 /* AirlineModel.m in Sources */ = {isa = PBXBuildFile; fileRef = E1B392811A06ED3900055144 /* AirlineModel.m */; };
		E1B392931A0AC54F00055144 /* Air Canada rouge.png in Resources */ = {isa = PBXBuildFile; fileRef = E1B392861A0AC54F00055144 /* Air Canada rouge.png */; };
		E1B392941A0AC54F00055144 /* Alaska Airlines.png in Resources */ = {isa = PBXBuildFile; fileRef = E1B392871A0AC54F00055144 /* Alaska Airlines.png */; };
		E1B392951A0AC54F00055144 /* Allegiant Air.png in Resources */ = {isa = PBXBuildFile; fileRef = E1B392881A0AC54F00055144 /* Allegiant Air.png */; };
		E1B392961A0AC54F00055144 /* American Airlines.png in Resources */ = {isa = PBXBuildFile; fileRef = E1B392891A0AC54F00055144 /* American Airlines.png */; };
		E1B392971A0AC54F00055144 /* Delta Air Lines.png in Resources */ = {isa = PBXBuildFile; fileRef = E1B3928A1A0AC54F00055144 /* Delta Air Lines.png */; };
		E1B392981A0AC54F00055144 /* Frontier Airlines.png in Resources */ = {isa = PBXBuildFile; fileRef = E1B3928B1A0AC54F00055144 /* Frontier Airlines.png */; };
		E1B392991A0AC54F00055144 /* JetBlue Airways.png in Resources */ = {isa = PBXBuildFile; fileRef = E1B3928C1A0AC54F00055144 /* JetBlue Airways.png */; };
		E1B3929A1A0AC54F00055144 /* Southwest Airlines.png in Resources */ = {isa = PBXBuildFile; fileRef = E1B3928D1A0AC54F00055144 /* Southwest Airlines.png */; };
		E1B3929B1A0AC54F00055144 /* Spirit Airlines.png in Resources */ = {isa = PBXBuildFile; fileRef = E1B3928E1A0AC54F00055144 /* Spirit Airlines.png */; };
		E1B3929C1A0AC54F00055144 /* Sun Country Airlines.png in Resources */ = {isa = PBXBuildFile; fileRef = E1B3928F1A0AC54F00055144 /* Sun Country Airlines.png */; };
		E1B3929E1A0AC54F00055144 /* Virgin America.png in Resources */ = {isa = PBXBuildFile; fileRef = E1B392911A0AC54F00055144 /* Virgin America.png */; };
		E1B3929F1A0AC54F00055144 /* WestJet.png in Resources */ = {isa = PBXBuildFile; fileRef = E1B392921A0AC54F00055144 /* WestJet.png */; };
		E1B392A11A0AC5DB00055144 /* US Airways.png in Resources */ = {isa = PBXBuildFile; fileRef = E1B392A01A0AC5DB00055144 /* US Airways.png */; };
		E1B392A31A0AC6E500055144 /* SkyWest Airlines.png in Resources */ = {isa = PBXBuildFile; fileRef = E1B392A21A0AC6E500055144 /* SkyWest Airlines.png */; };
		E1B392A51A0AC72200055144 /* United Airlines.png in Resources */ = {isa = PBXBuildFile; fileRef = E1B392A41A0AC72200055144 /* United Airlines.png */; };
		E1B392A71A0AC79800055144 /* Republic Airlines.jpg in Resources */ = {isa = PBXBuildFile; fileRef = E1B392A61A0AC79800055144 /* Republic Airlines.jpg */; };
		E1B392AA1A0AC9C100055144 /* PlanesDetailViewController.m in Sources */ = {isa = PBXBuildFile; fileRef = E1B392A91A0AC9C100055144 /* PlanesDetailViewController.m */; };
		E508659519F8489400584125 /* Constants.m in Sources */ = {isa = PBXBuildFile; fileRef = E508659419F8489400584125 /* Constants.m */; };
/* End PBXBuildFile section */

/* Begin PBXContainerItemProxy section */
		95A5BF1719F83130000A3F41 /* PBXContainerItemProxy */ = {
			isa = PBXContainerItemProxy;
			containerPortal = 95A5BEF219F8312F000A3F41 /* Project object */;
			proxyType = 1;
			remoteGlobalIDString = 95A5BEF919F8312F000A3F41;
			remoteInfo = FlyWhizz;
		};
/* End PBXContainerItemProxy section */

/* Begin PBXFileReference section */
		95995E4919FEF91E000B4052 /* SearchViewController.h */ = {isa = PBXFileReference; fileEncoding = 4; lastKnownFileType = sourcecode.c.h; path = SearchViewController.h; sourceTree = "<group>"; };
		95995E4A19FEF91E000B4052 /* SearchViewController.m */ = {isa = PBXFileReference; fileEncoding = 4; lastKnownFileType = sourcecode.c.objc; path = SearchViewController.m; sourceTree = "<group>"; };
		95A5BE2B1A01855300B22192 /* SearchResultsTableViewController.h */ = {isa = PBXFileReference; fileEncoding = 4; lastKnownFileType = sourcecode.c.h; path = SearchResultsTableViewController.h; sourceTree = "<group>"; };
		95A5BE2C1A01855300B22192 /* SearchResultsTableViewController.m */ = {isa = PBXFileReference; fileEncoding = 4; lastKnownFileType = sourcecode.c.objc; path = SearchResultsTableViewController.m; sourceTree = "<group>"; };
		95A5BE2E1A019A2400B22192 /* FlightModel.m */ = {isa = PBXFileReference; fileEncoding = 4; lastKnownFileType = sourcecode.c.objc; path = FlightModel.m; sourceTree = "<group>"; };
		95A5BE2F1A019A2400B22192 /* FlightModel.h */ = {isa = PBXFileReference; fileEncoding = 4; lastKnownFileType = sourcecode.c.h; path = FlightModel.h; sourceTree = "<group>"; };
		95A5BEFA19F8312F000A3F41 /* FlyWhizz.app */ = {isa = PBXFileReference; explicitFileType = wrapper.application; includeInIndex = 0; path = FlyWhizz.app; sourceTree = BUILT_PRODUCTS_DIR; };
		95A5BEFE19F8312F000A3F41 /* Info.plist */ = {isa = PBXFileReference; lastKnownFileType = text.plist.xml; path = Info.plist; sourceTree = "<group>"; };
		95A5BEFF19F8312F000A3F41 /* main.m */ = {isa = PBXFileReference; lastKnownFileType = sourcecode.c.objc; path = main.m; sourceTree = "<group>"; };
		95A5BF0119F8312F000A3F41 /* AppDelegate.h */ = {isa = PBXFileReference; lastKnownFileType = sourcecode.c.h; path = AppDelegate.h; sourceTree = "<group>"; };
		95A5BF0219F8312F000A3F41 /* AppDelegate.m */ = {isa = PBXFileReference; lastKnownFileType = sourcecode.c.objc; path = AppDelegate.m; sourceTree = "<group>"; };
		95A5BF0419F8312F000A3F41 /* FlightsViewController.h */ = {isa = PBXFileReference; lastKnownFileType = sourcecode.c.h; path = FlightsViewController.h; sourceTree = "<group>"; };
		95A5BF0519F8312F000A3F41 /* FlightsViewController.m */ = {isa = PBXFileReference; lastKnownFileType = sourcecode.c.objc; path = FlightsViewController.m; sourceTree = "<group>"; };
		95A5BF0719F8312F000A3F41 /* PlanesViewController.h */ = {isa = PBXFileReference; lastKnownFileType = sourcecode.c.h; path = PlanesViewController.h; sourceTree = "<group>"; };
		95A5BF0819F8312F000A3F41 /* PlanesViewController.m */ = {isa = PBXFileReference; lastKnownFileType = sourcecode.c.objc; path = PlanesViewController.m; sourceTree = "<group>"; };
		95A5BF0B19F8312F000A3F41 /* Base */ = {isa = PBXFileReference; lastKnownFileType = file.storyboard; name = Base; path = Base.lproj/Main.storyboard; sourceTree = "<group>"; };
		95A5BF0D19F8312F000A3F41 /* Images.xcassets */ = {isa = PBXFileReference; lastKnownFileType = folder.assetcatalog; path = Images.xcassets; sourceTree = "<group>"; };
		95A5BF1019F8312F000A3F41 /* Base */ = {isa = PBXFileReference; lastKnownFileType = file.xib; name = Base; path = Base.lproj/LaunchScreen.xib; sourceTree = "<group>"; };
		95A5BF1619F83130000A3F41 /* FlyWhizzTests.xctest */ = {isa = PBXFileReference; explicitFileType = wrapper.cfbundle; includeInIndex = 0; path = FlyWhizzTests.xctest; sourceTree = BUILT_PRODUCTS_DIR; };
		95A5BF1B19F83130000A3F41 /* Info.plist */ = {isa = PBXFileReference; lastKnownFileType = text.plist.xml; path = Info.plist; sourceTree = "<group>"; };
		95A5BF1C19F83130000A3F41 /* FlyWhizzTests.m */ = {isa = PBXFileReference; lastKnownFileType = sourcecode.c.objc; path = FlyWhizzTests.m; sourceTree = "<group>"; };
		95DBF70319F84A440009D432 /* AirlinesViewController.h */ = {isa = PBXFileReference; fileEncoding = 4; lastKnownFileType = sourcecode.c.h; path = AirlinesViewController.h; sourceTree = "<group>"; };
		95DBF70419F84A440009D432 /* AirlinesViewController.m */ = {isa = PBXFileReference; fileEncoding = 4; lastKnownFileType = sourcecode.c.objc; path = AirlinesViewController.m; sourceTree = "<group>"; };
		95DBF70619F84A4D0009D432 /* ReviewsViewController.h */ = {isa = PBXFileReference; fileEncoding = 4; lastKnownFileType = sourcecode.c.h; path = ReviewsViewController.h; sourceTree = "<group>"; };
		95DBF70719F84A4D0009D432 /* ReviewsViewController.m */ = {isa = PBXFileReference; fileEncoding = 4; lastKnownFileType = sourcecode.c.objc; path = ReviewsViewController.m; sourceTree = "<group>"; };
		E1B392581A01B41E00055144 /* FlightDetailViewController.h */ = {isa = PBXFileReference; fileEncoding = 4; lastKnownFileType = sourcecode.c.h; path = FlightDetailViewController.h; sourceTree = "<group>"; };
		E1B392591A01B41E00055144 /* FlightDetailViewController.m */ = {isa = PBXFileReference; fileEncoding = 4; lastKnownFileType = sourcecode.c.objc; path = FlightDetailViewController.m; sourceTree = "<group>"; };
		E1B3925B1A01E85900055144 /* Bolts.framework */ = {isa = PBXFileReference; lastKnownFileType = wrapper.framework; path = Bolts.framework; sourceTree = "<group>"; };
		E1B3925C1A01E85900055144 /* Parse.framework */ = {isa = PBXFileReference; lastKnownFileType = wrapper.framework; path = Parse.framework; sourceTree = "<group>"; };
		E1B3925F1A01F02C00055144 /* AudioToolbox.framework */ = {isa = PBXFileReference; lastKnownFileType = wrapper.framework; name = AudioToolbox.framework; path = System/Library/Frameworks/AudioToolbox.framework; sourceTree = SDKROOT; };
		E1B392611A01F03200055144 /* CFNetwork.framework */ = {isa = PBXFileReference; lastKnownFileType = wrapper.framework; name = CFNetwork.framework; path = System/Library/Frameworks/CFNetwork.framework; sourceTree = SDKROOT; };
		E1B392631A01F04000055144 /* CoreGraphics.framework */ = {isa = PBXFileReference; lastKnownFileType = wrapper.framework; name = CoreGraphics.framework; path = System/Library/Frameworks/CoreGraphics.framework; sourceTree = SDKROOT; };
		E1B392651A01F04600055144 /* CoreLocation.framework */ = {isa = PBXFileReference; lastKnownFileType = wrapper.framework; name = CoreLocation.framework; path = System/Library/Frameworks/CoreLocation.framework; sourceTree = SDKROOT; };
		E1B392671A01F05100055144 /* libz.dylib */ = {isa = PBXFileReference; lastKnownFileType = "compiled.mach-o.dylib"; name = libz.dylib; path = usr/lib/libz.dylib; sourceTree = SDKROOT; };
		E1B392691A01F05D00055144 /* MobileCoreServices.framework */ = {isa = PBXFileReference; lastKnownFileType = wrapper.framework; name = MobileCoreServices.framework; path = System/Library/Frameworks/MobileCoreServices.framework; sourceTree = SDKROOT; };
		E1B3926B1A01F06600055144 /* QuartzCore.framework */ = {isa = PBXFileReference; lastKnownFileType = wrapper.framework; name = QuartzCore.framework; path = System/Library/Frameworks/QuartzCore.framework; sourceTree = SDKROOT; };
		E1B3926D1A01F07100055144 /* Security.framework */ = {isa = PBXFileReference; lastKnownFileType = wrapper.framework; name = Security.framework; path = System/Library/Frameworks/Security.framework; sourceTree = SDKROOT; };
		E1B3926F1A01F07700055144 /* StoreKit.framework */ = {isa = PBXFileReference; lastKnownFileType = wrapper.framework; name = StoreKit.framework; path = System/Library/Frameworks/StoreKit.framework; sourceTree = SDKROOT; };
		E1B392711A01F08600055144 /* SystemConfiguration.framework */ = {isa = PBXFileReference; lastKnownFileType = wrapper.framework; name = SystemConfiguration.framework; path = System/Library/Frameworks/SystemConfiguration.framework; sourceTree = SDKROOT; };
		E1B392731A01F0C400055144 /* Twitter.framework */ = {isa = PBXFileReference; lastKnownFileType = wrapper.framework; name = Twitter.framework; path = System/Library/Frameworks/Twitter.framework; sourceTree = SDKROOT; };
		E1B392751A01F0C900055144 /* Accounts.framework */ = {isa = PBXFileReference; lastKnownFileType = wrapper.framework; name = Accounts.framework; path = System/Library/Frameworks/Accounts.framework; sourceTree = SDKROOT; };
		E1B392771A01F0D000055144 /* Social.framework */ = {isa = PBXFileReference; lastKnownFileType = wrapper.framework; name = Social.framework; path = System/Library/Frameworks/Social.framework; sourceTree = SDKROOT; };
		E1B3927A1A06DC2500055144 /* MBProgressHUD.h */ = {isa = PBXFileReference; fileEncoding = 4; lastKnownFileType = sourcecode.c.h; name = MBProgressHUD.h; path = ../MBProgressHUD.h; sourceTree = "<group>"; };
		E1B3927B1A06DC2500055144 /* MBProgressHUD.m */ = {isa = PBXFileReference; fileEncoding = 4; lastKnownFileType = sourcecode.c.objc; name = MBProgressHUD.m; path = ../MBProgressHUD.m; sourceTree = "<group>"; };
		E1B3927D1A06E39600055144 /* AirportModel.h */ = {isa = PBXFileReference; fileEncoding = 4; lastKnownFileType = sourcecode.c.h; path = AirportModel.h; sourceTree = "<group>"; };
		E1B3927E1A06E39600055144 /* AirportModel.m */ = {isa = PBXFileReference; fileEncoding = 4; lastKnownFileType = sourcecode.c.objc; path = AirportModel.m; sourceTree = "<group>"; };
		E1B392801A06ED3900055144 /* AirlineModel.h */ = {isa = PBXFileReference; fileEncoding = 4; lastKnownFileType = sourcecode.c.h; path = AirlineModel.h; sourceTree = "<group>"; };
		E1B392811A06ED3900055144 /* AirlineModel.m */ = {isa = PBXFileReference; fileEncoding = 4; lastKnownFileType = sourcecode.c.objc; path = AirlineModel.m; sourceTree = "<group>"; };
		E1B392861A0AC54F00055144 /* Air Canada rouge.png */ = {isa = PBXFileReference; lastKnownFileType = image.png; path = "Air Canada rouge.png"; sourceTree = "<group>"; };
		E1B392871A0AC54F00055144 /* Alaska Airlines.png */ = {isa = PBXFileReference; lastKnownFileType = image.png; path = "Alaska Airlines.png"; sourceTree = "<group>"; };
		E1B392881A0AC54F00055144 /* Allegiant Air.png */ = {isa = PBXFileReference; lastKnownFileType = image.png; path = "Allegiant Air.png"; sourceTree = "<group>"; };
		E1B392891A0AC54F00055144 /* American Airlines.png */ = {isa = PBXFileReference; lastKnownFileType = image.png; path = "American Airlines.png"; sourceTree = "<group>"; };
		E1B3928A1A0AC54F00055144 /* Delta Air Lines.png */ = {isa = PBXFileReference; lastKnownFileType = image.png; path = "Delta Air Lines.png"; sourceTree = "<group>"; };
		E1B3928B1A0AC54F00055144 /* Frontier Airlines.png */ = {isa = PBXFileReference; lastKnownFileType = image.png; path = "Frontier Airlines.png"; sourceTree = "<group>"; };
		E1B3928C1A0AC54F00055144 /* JetBlue Airways.png */ = {isa = PBXFileReference; lastKnownFileType = image.png; path = "JetBlue Airways.png"; sourceTree = "<group>"; };
		E1B3928D1A0AC54F00055144 /* Southwest Airlines.png */ = {isa = PBXFileReference; lastKnownFileType = image.png; path = "Southwest Airlines.png"; sourceTree = "<group>"; };
		E1B3928E1A0AC54F00055144 /* Spirit Airlines.png */ = {isa = PBXFileReference; lastKnownFileType = image.png; path = "Spirit Airlines.png"; sourceTree = "<group>"; };
		E1B3928F1A0AC54F00055144 /* Sun Country Airlines.png */ = {isa = PBXFileReference; lastKnownFileType = image.png; path = "Sun Country Airlines.png"; sourceTree = "<group>"; };
		E1B392911A0AC54F00055144 /* Virgin America.png */ = {isa = PBXFileReference; lastKnownFileType = image.png; path = "Virgin America.png"; sourceTree = "<group>"; };
		E1B392921A0AC54F00055144 /* WestJet.png */ = {isa = PBXFileReference; lastKnownFileType = image.png; path = WestJet.png; sourceTree = "<group>"; };
		E1B392A01A0AC5DB00055144 /* US Airways.png */ = {isa = PBXFileReference; lastKnownFileType = image.png; path = "US Airways.png"; sourceTree = "<group>"; };
		E1B392A21A0AC6E500055144 /* SkyWest Airlines.png */ = {isa = PBXFileReference; lastKnownFileType = image.png; path = "SkyWest Airlines.png"; sourceTree = "<group>"; };
		E1B392A41A0AC72200055144 /* United Airlines.png */ = {isa = PBXFileReference; lastKnownFileType = image.png; path = "United Airlines.png"; sourceTree = "<group>"; };
		E1B392A61A0AC79800055144 /* Republic Airlines.jpg */ = {isa = PBXFileReference; lastKnownFileType = image.jpeg; path = "Republic Airlines.jpg"; sourceTree = "<group>"; };
		E1B392A81A0AC9C100055144 /* PlanesDetailViewController.h */ = {isa = PBXFileReference; fileEncoding = 4; lastKnownFileType = sourcecode.c.h; path = PlanesDetailViewController.h; sourceTree = "<group>"; };
		E1B392A91A0AC9C100055144 /* PlanesDetailViewController.m */ = {isa = PBXFileReference; fileEncoding = 4; lastKnownFileType = sourcecode.c.objc; path = PlanesDetailViewController.m; sourceTree = "<group>"; };
		E508659319F8489400584125 /* Constants.h */ = {isa = PBXFileReference; fileEncoding = 4; lastKnownFileType = sourcecode.c.h; path = Constants.h; sourceTree = "<group>"; };
		E508659419F8489400584125 /* Constants.m */ = {isa = PBXFileReference; fileEncoding = 4; lastKnownFileType = sourcecode.c.objc; path = Constants.m; sourceTree = "<group>"; };
/* End PBXFileReference section */

/* Begin PBXFrameworksBuildPhase section */
		95A5BEF719F8312F000A3F41 /* Frameworks */ = {
			isa = PBXFrameworksBuildPhase;
			buildActionMask = 2147483647;
			files = (
				E1B392761A01F0C900055144 /* Accounts.framework in Frameworks */,
				E1B392601A01F02C00055144 /* AudioToolbox.framework in Frameworks */,
				E1B3925D1A01E85900055144 /* Bolts.framework in Frameworks */,
				E1B392621A01F03200055144 /* CFNetwork.framework in Frameworks */,
				E1B392641A01F04000055144 /* CoreGraphics.framework in Frameworks */,
				E1B392661A01F04600055144 /* CoreLocation.framework in Frameworks */,
				E1B3926A1A01F05D00055144 /* MobileCoreServices.framework in Frameworks */,
				E1B3925E1A01E85900055144 /* Parse.framework in Frameworks */,
				E1B3926C1A01F06600055144 /* QuartzCore.framework in Frameworks */,
				E1B3926E1A01F07100055144 /* Security.framework in Frameworks */,
				E1B392781A01F0D000055144 /* Social.framework in Frameworks */,
				E1B392701A01F07700055144 /* StoreKit.framework in Frameworks */,
				E1B392721A01F08600055144 /* SystemConfiguration.framework in Frameworks */,
				E1B392741A01F0C400055144 /* Twitter.framework in Frameworks */,
				E1B392681A01F05100055144 /* libz.dylib in Frameworks */,
			);
			runOnlyForDeploymentPostprocessing = 0;
		};
		95A5BF1319F83130000A3F41 /* Frameworks */ = {
			isa = PBXFrameworksBuildPhase;
			buildActionMask = 2147483647;
			files = (
			);
			runOnlyForDeploymentPostprocessing = 0;
		};
/* End PBXFrameworksBuildPhase section */

/* Begin PBXGroup section */
		95A5BEF119F8312F000A3F41 = {
			isa = PBXGroup;
			children = (
				95A5BEFC19F8312F000A3F41 /* FlyWhizz */,
				95A5BF1919F83130000A3F41 /* FlyWhizzTests */,
				95A5BEFB19F8312F000A3F41 /* Products */,
				E1B392791A01F2F800055144 /* Frameworks */,
			);
			sourceTree = "<group>";
		};
		95A5BEFB19F8312F000A3F41 /* Products */ = {
			isa = PBXGroup;
			children = (
				95A5BEFA19F8312F000A3F41 /* FlyWhizz.app */,
				95A5BF1619F83130000A3F41 /* FlyWhizzTests.xctest */,
			);
			name = Products;
			sourceTree = "<group>";
		};
		95A5BEFC19F8312F000A3F41 /* FlyWhizz */ = {
			isa = PBXGroup;
			children = (
				95A5BF0119F8312F000A3F41 /* AppDelegate.h */,
				95A5BF0219F8312F000A3F41 /* AppDelegate.m */,
				E1B3927A1A06DC2500055144 /* MBProgressHUD.h */,
				E1B3927B1A06DC2500055144 /* MBProgressHUD.m */,
				E1B392581A01B41E00055144 /* FlightDetailViewController.h */,
				E1B392591A01B41E00055144 /* FlightDetailViewController.m */,
				E1B392A81A0AC9C100055144 /* PlanesDetailViewController.h */,
				E1B392A91A0AC9C100055144 /* PlanesDetailViewController.m */,
				95A5BF0419F8312F000A3F41 /* FlightsViewController.h */,
				95A5BF0519F8312F000A3F41 /* FlightsViewController.m */,
				95A5BF0719F8312F000A3F41 /* PlanesViewController.h */,
				95A5BF0819F8312F000A3F41 /* PlanesViewController.m */,
				E508659619F8489F00584125 /* ViewControllers */,
				95A5BF0A19F8312F000A3F41 /* Main.storyboard */,
				95DBF70319F84A440009D432 /* AirlinesViewController.h */,
				95DBF70419F84A440009D432 /* AirlinesViewController.m */,
				95DBF70619F84A4D0009D432 /* ReviewsViewController.h */,
				95DBF70719F84A4D0009D432 /* ReviewsViewController.m */,
				95A5BF0D19F8312F000A3F41 /* Images.xcassets */,
				95A5BF0F19F8312F000A3F41 /* LaunchScreen.xib */,
				95A5BEFD19F8312F000A3F41 /* Supporting Files */,
				E508659219F8485800584125 /* FlyWhizz Models */,
			);
			path = FlyWhizz;
			sourceTree = "<group>";
		};
		95A5BEFD19F8312F000A3F41 /* Supporting Files */ = {
			isa = PBXGroup;
			children = (
				E1B392A01A0AC5DB00055144 /* US Airways.png */,
				E1B392861A0AC54F00055144 /* Air Canada rouge.png */,
				E1B392871A0AC54F00055144 /* Alaska Airlines.png */,
				E1B392881A0AC54F00055144 /* Allegiant Air.png */,
				E1B392891A0AC54F00055144 /* American Airlines.png */,
				E1B392A61A0AC79800055144 /* Republic Airlines.jpg */,
				E1B3928A1A0AC54F00055144 /* Delta Air Lines.png */,
				E1B392A21A0AC6E500055144 /* SkyWest Airlines.png */,
				E1B3928B1A0AC54F00055144 /* Frontier Airlines.png */,
				E1B3928C1A0AC54F00055144 /* JetBlue Airways.png */,
				E1B3928D1A0AC54F00055144 /* Southwest Airlines.png */,
				E1B3928E1A0AC54F00055144 /* Spirit Airlines.png */,
				E1B392A41A0AC72200055144 /* United Airlines.png */,
				E1B3928F1A0AC54F00055144 /* Sun Country Airlines.png */,
				E1B392911A0AC54F00055144 /* Virgin America.png */,
				E1B392921A0AC54F00055144 /* WestJet.png */,
				95A5BEFE19F8312F000A3F41 /* Info.plist */,
				95A5BEFF19F8312F000A3F41 /* main.m */,
			);
			name = "Supporting Files";
			sourceTree = "<group>";
		};
		95A5BF1919F83130000A3F41 /* FlyWhizzTests */ = {
			isa = PBXGroup;
			children = (
				95A5BF1C19F83130000A3F41 /* FlyWhizzTests.m */,
				95A5BF1A19F83130000A3F41 /* Supporting Files */,
			);
			path = FlyWhizzTests;
			sourceTree = "<group>";
		};
		95A5BF1A19F83130000A3F41 /* Supporting Files */ = {
			isa = PBXGroup;
			children = (
				95A5BF1B19F83130000A3F41 /* Info.plist */,
			);
			name = "Supporting Files";
			sourceTree = "<group>";
		};
		E1B392791A01F2F800055144 /* Frameworks */ = {
			isa = PBXGroup;
			children = (
				E1B3925C1A01E85900055144 /* Parse.framework */,
				E1B3925B1A01E85900055144 /* Bolts.framework */,
				E1B3925F1A01F02C00055144 /* AudioToolbox.framework */,
				E1B392631A01F04000055144 /* CoreGraphics.framework */,
				E1B392611A01F03200055144 /* CFNetwork.framework */,
				E1B392651A01F04600055144 /* CoreLocation.framework */,
				E1B392671A01F05100055144 /* libz.dylib */,
				E1B392691A01F05D00055144 /* MobileCoreServices.framework */,
				E1B3926B1A01F06600055144 /* QuartzCore.framework */,
				E1B392711A01F08600055144 /* SystemConfiguration.framework */,
				E1B3926D1A01F07100055144 /* Security.framework */,
				E1B3926F1A01F07700055144 /* StoreKit.framework */,
				E1B392731A01F0C400055144 /* Twitter.framework */,
				E1B392751A01F0C900055144 /* Accounts.framework */,
				E1B392771A01F0D000055144 /* Social.framework */,
			);
			name = Frameworks;
			sourceTree = "<group>";
		};
		E508659219F8485800584125 /* FlyWhizz Models */ = {
			isa = PBXGroup;
			children = (
				95A5BE2E1A019A2400B22192 /* FlightModel.m */,
				95A5BE2F1A019A2400B22192 /* FlightModel.h */,
				E508659319F8489400584125 /* Constants.h */,
				E508659419F8489400584125 /* Constants.m */,
				E1B3927D1A06E39600055144 /* AirportModel.h */,
				E1B3927E1A06E39600055144 /* AirportModel.m */,
				E1B392801A06ED3900055144 /* AirlineModel.h */,
				E1B392811A06ED3900055144 /* AirlineModel.m */,
			);
			name = "FlyWhizz Models";
			path = ..;
			sourceTree = "<group>";
		};
		E508659619F8489F00584125 /* ViewControllers */ = {
			isa = PBXGroup;
			children = (
				95A5BE2B1A01855300B22192 /* SearchResultsTableViewController.h */,
				95A5BE2C1A01855300B22192 /* SearchResultsTableViewController.m */,
				95995E4919FEF91E000B4052 /* SearchViewController.h */,
				95995E4A19FEF91E000B4052 /* SearchViewController.m */,
			);
			name = ViewControllers;
			sourceTree = "<group>";
		};
/* End PBXGroup section */

/* Begin PBXNativeTarget section */
		95A5BEF919F8312F000A3F41 /* FlyWhizz */ = {
			isa = PBXNativeTarget;
			buildConfigurationList = 95A5BF2019F83130000A3F41 /* Build configuration list for PBXNativeTarget "FlyWhizz" */;
			buildPhases = (
				95A5BEF619F8312F000A3F41 /* Sources */,
				95A5BEF719F8312F000A3F41 /* Frameworks */,
				95A5BEF819F8312F000A3F41 /* Resources */,
			);
			buildRules = (
			);
			dependencies = (
			);
			name = FlyWhizz;
			productName = FlyWhizz;
			productReference = 95A5BEFA19F8312F000A3F41 /* FlyWhizz.app */;
			productType = "com.apple.product-type.application";
		};
		95A5BF1519F83130000A3F41 /* FlyWhizzTests */ = {
			isa = PBXNativeTarget;
			buildConfigurationList = 95A5BF2319F83130000A3F41 /* Build configuration list for PBXNativeTarget "FlyWhizzTests" */;
			buildPhases = (
				95A5BF1219F83130000A3F41 /* Sources */,
				95A5BF1319F83130000A3F41 /* Frameworks */,
				95A5BF1419F83130000A3F41 /* Resources */,
			);
			buildRules = (
			);
			dependencies = (
				95A5BF1819F83130000A3F41 /* PBXTargetDependency */,
			);
			name = FlyWhizzTests;
			productName = FlyWhizzTests;
			productReference = 95A5BF1619F83130000A3F41 /* FlyWhizzTests.xctest */;
			productType = "com.apple.product-type.bundle.unit-test";
		};
/* End PBXNativeTarget section */

/* Begin PBXProject section */
		95A5BEF219F8312F000A3F41 /* Project object */ = {
			isa = PBXProject;
			attributes = {
				LastUpgradeCheck = 0610;
				ORGANIZATIONNAME = "ASU CSE 494";
				TargetAttributes = {
					95A5BEF919F8312F000A3F41 = {
						CreatedOnToolsVersion = 6.1;
					};
					95A5BF1519F83130000A3F41 = {
						CreatedOnToolsVersion = 6.1;
						TestTargetID = 95A5BEF919F8312F000A3F41;
					};
				};
			};
			buildConfigurationList = 95A5BEF519F8312F000A3F41 /* Build configuration list for PBXProject "FlyWhizz" */;
			compatibilityVersion = "Xcode 3.2";
			developmentRegion = English;
			hasScannedForEncodings = 0;
			knownRegions = (
				en,
				Base,
			);
			mainGroup = 95A5BEF119F8312F000A3F41;
			productRefGroup = 95A5BEFB19F8312F000A3F41 /* Products */;
			projectDirPath = "";
			projectRoot = "";
			targets = (
				95A5BEF919F8312F000A3F41 /* FlyWhizz */,
				95A5BF1519F83130000A3F41 /* FlyWhizzTests */,
			);
		};
/* End PBXProject section */

/* Begin PBXResourcesBuildPhase section */
		95A5BEF819F8312F000A3F41 /* Resources */ = {
			isa = PBXResourcesBuildPhase;
			buildActionMask = 2147483647;
			files = (
				E1B3929B1A0AC54F00055144 /* Spirit Airlines.png in Resources */,
				E1B392A11A0AC5DB00055144 /* US Airways.png in Resources */,
				E1B392941A0AC54F00055144 /* Alaska Airlines.png in Resources */,
				E1B392951A0AC54F00055144 /* Allegiant Air.png in Resources */,
				E1B3929E1A0AC54F00055144 /* Virgin America.png in Resources */,
				E1B3929F1A0AC54F00055144 /* WestJet.png in Resources */,
				E1B392A71A0AC79800055144 /* Republic Airlines.jpg in Resources */,
				95A5BF0C19F8312F000A3F41 /* Main.storyboard in Resources */,
				E1B392931A0AC54F00055144 /* Air Canada rouge.png in Resources */,
				E1B392A51A0AC72200055144 /* United Airlines.png in Resources */,
				E1B392961A0AC54F00055144 /* American Airlines.png in Resources */,
				E1B3929A1A0AC54F00055144 /* Southwest Airlines.png in Resources */,
				95A5BF1119F8312F000A3F41 /* LaunchScreen.xib in Resources */,
				E1B392971A0AC54F00055144 /* Delta Air Lines.png in Resources */,
				E1B3929C1A0AC54F00055144 /* Sun Country Airlines.png in Resources */,
				E1B392991A0AC54F00055144 /* JetBlue Airways.png in Resources */,
				E1B392981A0AC54F00055144 /* Frontier Airlines.png in Resources */,
				E1B392A31A0AC6E500055144 /* SkyWest Airlines.png in Resources */,
				95A5BF0E19F8312F000A3F41 /* Images.xcassets in Resources */,
			);
			runOnlyForDeploymentPostprocessing = 0;
		};
		95A5BF1419F83130000A3F41 /* Resources */ = {
			isa = PBXResourcesBuildPhase;
			buildActionMask = 2147483647;
			files = (
			);
			runOnlyForDeploymentPostprocessing = 0;
		};
/* End PBXResourcesBuildPhase section */

/* Begin PBXSourcesBuildPhase section */
		95A5BEF619F8312F000A3F41 /* Sources */ = {
			isa = PBXSourcesBuildPhase;
			buildActionMask = 2147483647;
			files = (
				E508659519F8489400584125 /* Constants.m in Sources */,
				95A5BF0319F8312F000A3F41 /* AppDelegate.m in Sources */,
				95DBF70819F84A4D0009D432 /* ReviewsViewController.m in Sources */,
				E1B3927F1A06E39600055144 /* AirportModel.m in Sources */,
				95DBF70519F84A440009D432 /* AirlinesViewController.m in Sources */,
				E1B3927C1A06DC2500055144 /* MBProgressHUD.m in Sources */,
				95A5BE2D1A01855300B22192 /* SearchResultsTableViewController.m in Sources */,
				E1B392821A06ED3900055144 /* AirlineModel.m in Sources */,
				E1B3925A1A01B41E00055144 /* FlightDetailViewController.m in Sources */,
				95A5BE301A019A2400B22192 /* FlightModel.m in Sources */,
				95A5BF0619F8312F000A3F41 /* FlightsViewController.m in Sources */,
				95A5BF0019F8312F000A3F41 /* main.m in Sources */,
				E1B392AA1A0AC9C100055144 /* PlanesDetailViewController.m in Sources */,
				95995E4B19FEF91E000B4052 /* SearchViewController.m in Sources */,
			);
			runOnlyForDeploymentPostprocessing = 0;
		};
		95A5BF1219F83130000A3F41 /* Sources */ = {
			isa = PBXSourcesBuildPhase;
			buildActionMask = 2147483647;
			files = (
				95A5BF1D19F83130000A3F41 /* FlyWhizzTests.m in Sources */,
			);
			runOnlyForDeploymentPostprocessing = 0;
		};
/* End PBXSourcesBuildPhase section */

/* Begin PBXTargetDependency section */
		95A5BF1819F83130000A3F41 /* PBXTargetDependency */ = {
			isa = PBXTargetDependency;
			target = 95A5BEF919F8312F000A3F41 /* FlyWhizz */;
			targetProxy = 95A5BF1719F83130000A3F41 /* PBXContainerItemProxy */;
		};
/* End PBXTargetDependency section */

/* Begin PBXVariantGroup section */
		95A5BF0A19F8312F000A3F41 /* Main.storyboard */ = {
			isa = PBXVariantGroup;
			children = (
				95A5BF0B19F8312F000A3F41 /* Base */,
			);
			name = Main.storyboard;
			sourceTree = "<group>";
		};
		95A5BF0F19F8312F000A3F41 /* LaunchScreen.xib */ = {
			isa = PBXVariantGroup;
			children = (
				95A5BF1019F8312F000A3F41 /* Base */,
			);
			name = LaunchScreen.xib;
			sourceTree = "<group>";
		};
/* End PBXVariantGroup section */

/* Begin XCBuildConfiguration section */
		95A5BF1E19F83130000A3F41 /* Debug */ = {
			isa = XCBuildConfiguration;
			buildSettings = {
				ALWAYS_SEARCH_USER_PATHS = NO;
				CLANG_CXX_LANGUAGE_STANDARD = "gnu++0x";
				CLANG_CXX_LIBRARY = "libc++";
				CLANG_ENABLE_MODULES = YES;
				CLANG_ENABLE_OBJC_ARC = YES;
				CLANG_WARN_BOOL_CONVERSION = YES;
				CLANG_WARN_CONSTANT_CONVERSION = YES;
				CLANG_WARN_DIRECT_OBJC_ISA_USAGE = YES_ERROR;
				CLANG_WARN_EMPTY_BODY = YES;
				CLANG_WARN_ENUM_CONVERSION = YES;
				CLANG_WARN_INT_CONVERSION = YES;
				CLANG_WARN_OBJC_ROOT_CLASS = YES_ERROR;
				CLANG_WARN_UNREACHABLE_CODE = YES;
				CLANG_WARN__DUPLICATE_METHOD_MATCH = YES;
				"CODE_SIGN_IDENTITY[sdk=iphoneos*]" = "iPhone Developer";
				COPY_PHASE_STRIP = NO;
				ENABLE_STRICT_OBJC_MSGSEND = YES;
				GCC_C_LANGUAGE_STANDARD = gnu99;
				GCC_DYNAMIC_NO_PIC = NO;
				GCC_OPTIMIZATION_LEVEL = 0;
				GCC_PREPROCESSOR_DEFINITIONS = (
					"DEBUG=1",
					"$(inherited)",
				);
				GCC_SYMBOLS_PRIVATE_EXTERN = NO;
				GCC_WARN_64_TO_32_BIT_CONVERSION = YES;
				GCC_WARN_ABOUT_RETURN_TYPE = YES_ERROR;
				GCC_WARN_UNDECLARED_SELECTOR = YES;
				GCC_WARN_UNINITIALIZED_AUTOS = YES_AGGRESSIVE;
				GCC_WARN_UNUSED_FUNCTION = YES;
				GCC_WARN_UNUSED_VARIABLE = YES;
				IPHONEOS_DEPLOYMENT_TARGET = 8.1;
				MTL_ENABLE_DEBUG_INFO = YES;
				ONLY_ACTIVE_ARCH = YES;
				SDKROOT = iphoneos;
			};
			name = Debug;
		};
		95A5BF1F19F83130000A3F41 /* Release */ = {
			isa = XCBuildConfiguration;
			buildSettings = {
				ALWAYS_SEARCH_USER_PATHS = NO;
				CLANG_CXX_LANGUAGE_STANDARD = "gnu++0x";
				CLANG_CXX_LIBRARY = "libc++";
				CLANG_ENABLE_MODULES = YES;
				CLANG_ENABLE_OBJC_ARC = YES;
				CLANG_WARN_BOOL_CONVERSION = YES;
				CLANG_WARN_CONSTANT_CONVERSION = YES;
				CLANG_WARN_DIRECT_OBJC_ISA_USAGE = YES_ERROR;
				CLANG_WARN_EMPTY_BODY = YES;
				CLANG_WARN_ENUM_CONVERSION = YES;
				CLANG_WARN_INT_CONVERSION = YES;
				CLANG_WARN_OBJC_ROOT_CLASS = YES_ERROR;
				CLANG_WARN_UNREACHABLE_CODE = YES;
				CLANG_WARN__DUPLICATE_METHOD_MATCH = YES;
				"CODE_SIGN_IDENTITY[sdk=iphoneos*]" = "iPhone Developer";
				COPY_PHASE_STRIP = YES;
				ENABLE_NS_ASSERTIONS = NO;
				ENABLE_STRICT_OBJC_MSGSEND = YES;
				GCC_C_LANGUAGE_STANDARD = gnu99;
				GCC_WARN_64_TO_32_BIT_CONVERSION = YES;
				GCC_WARN_ABOUT_RETURN_TYPE = YES_ERROR;
				GCC_WARN_UNDECLARED_SELECTOR = YES;
				GCC_WARN_UNINITIALIZED_AUTOS = YES_AGGRESSIVE;
				GCC_WARN_UNUSED_FUNCTION = YES;
				GCC_WARN_UNUSED_VARIABLE = YES;
				IPHONEOS_DEPLOYMENT_TARGET = 8.1;
				MTL_ENABLE_DEBUG_INFO = NO;
				SDKROOT = iphoneos;
				VALIDATE_PRODUCT = YES;
			};
			name = Release;
		};
		95A5BF2119F83130000A3F41 /* Debug */ = {
			isa = XCBuildConfiguration;
			buildSettings = {
				ASSETCATALOG_COMPILER_APPICON_NAME = AppIcon;
				FRAMEWORK_SEARCH_PATHS = (
					"$(inherited)",
					"$(PROJECT_DIR)",
				);
				INFOPLIST_FILE = FlyWhizz/Info.plist;
				LD_RUNPATH_SEARCH_PATHS = "$(inherited) @executable_path/Frameworks";
				PRODUCT_NAME = "$(TARGET_NAME)";
			};
			name = Debug;
		};
		95A5BF2219F83130000A3F41 /* Release */ = {
			isa = XCBuildConfiguration;
			buildSettings = {
				ASSETCATALOG_COMPILER_APPICON_NAME = AppIcon;
				FRAMEWORK_SEARCH_PATHS = (
					"$(inherited)",
					"$(PROJECT_DIR)",
				);
				INFOPLIST_FILE = FlyWhizz/Info.plist;
				LD_RUNPATH_SEARCH_PATHS = "$(inherited) @executable_path/Frameworks";
				PRODUCT_NAME = "$(TARGET_NAME)";
			};
			name = Release;
		};
		95A5BF2419F83130000A3F41 /* Debug */ = {
			isa = XCBuildConfiguration;
			buildSettings = {
				BUNDLE_LOADER = "$(TEST_HOST)";
				FRAMEWORK_SEARCH_PATHS = (
					"$(SDKROOT)/Developer/Library/Frameworks",
					"$(inherited)",
				);
				GCC_PREPROCESSOR_DEFINITIONS = (
					"DEBUG=1",
					"$(inherited)",
				);
				INFOPLIST_FILE = FlyWhizzTests/Info.plist;
				LD_RUNPATH_SEARCH_PATHS = "$(inherited) @executable_path/Frameworks @loader_path/Frameworks";
				PRODUCT_NAME = "$(TARGET_NAME)";
				TEST_HOST = "$(BUILT_PRODUCTS_DIR)/FlyWhizz.app/FlyWhizz";
			};
			name = Debug;
		};
		95A5BF2519F83130000A3F41 /* Release */ = {
			isa = XCBuildConfiguration;
			buildSettings = {
				BUNDLE_LOADER = "$(TEST_HOST)";
				FRAMEWORK_SEARCH_PATHS = (
					"$(SDKROOT)/Developer/Library/Frameworks",
					"$(inherited)",
				);
				INFOPLIST_FILE = FlyWhizzTests/Info.plist;
				LD_RUNPATH_SEARCH_PATHS = "$(inherited) @executable_path/Frameworks @loader_path/Frameworks";
				PRODUCT_NAME = "$(TARGET_NAME)";
				TEST_HOST = "$(BUILT_PRODUCTS_DIR)/FlyWhizz.app/FlyWhizz";
			};
			name = Release;
		};
/* End XCBuildConfiguration section */

/* Begin XCConfigurationList section */
		95A5BEF519F8312F000A3F41 /* Build configuration list for PBXProject "FlyWhizz" */ = {
			isa = XCConfigurationList;
			buildConfigurations = (
				95A5BF1E19F83130000A3F41 /* Debug */,
				95A5BF1F19F83130000A3F41 /* Release */,
			);
			defaultConfigurationIsVisible = 0;
			defaultConfigurationName = Release;
		};
		95A5BF2019F83130000A3F41 /* Build configuration list for PBXNativeTarget "FlyWhizz" */ = {
			isa = XCConfigurationList;
			buildConfigurations = (
				95A5BF2119F83130000A3F41 /* Debug */,
				95A5BF2219F83130000A3F41 /* Release */,
			);
			defaultConfigurationIsVisible = 0;
			defaultConfigurationName = Release;
		};
		95A5BF2319F83130000A3F41 /* Build configuration list for PBXNativeTarget "FlyWhizzTests" */ = {
			isa = XCConfigurationList;
			buildConfigurations = (
				95A5BF2419F83130000A3F41 /* Debug */,
				95A5BF2519F83130000A3F41 /* Release */,
			);
			defaultConfigurationIsVisible = 0;
			defaultConfigurationName = Release;
		};
/* End XCConfigurationList section */
	};
	rootObject = 95A5BEF219F8312F000A3F41 /* Project object */;
}
